
Microsoft Visual Studio Solution File, Format Version 12.00
# Visual Studio Version 17
VisualStudioVersion = 17.9.34728.123
MinimumVisualStudioVersion = 10.0.40219.1
Project("{9A19103F-16F7-4668-BE54-9A1E7A4F7556}") = "SnackisForum", "SnackisForum\SnackisForum.csproj", "{38670F21-7889-46F3-8927-3201AFBF52D5}"
EndProject
Global
	GlobalSection(SolutionConfigurationPlatforms) = preSolution
		Debug|Any CPU = Debug|Any CPU
		Release|Any CPU = Release|Any CPU
	EndGlobalSection
	GlobalSection(ProjectConfigurationPlatforms) = postSolution
		{38670F21-7889-46F3-8927-3201AFBF52D5}.Debug|Any CPU.ActiveCfg = Debug|Any CPU
		{38670F21-7889-46F3-8927-3201AFBF52D5}.Debug|Any CPU.Build.0 = Debug|Any CPU
		{38670F21-7889-46F3-8927-3201AFBF52D5}.Release|Any CPU.ActiveCfg = Release|Any CPU
		{38670F21-7889-46F3-8927-3201AFBF52D5}.Release|Any CPU.Build.0 = Release|Any CPU
	EndGlobalSection
	GlobalSection(SolutionProperties) = preSolution
		HideSolutionNode = FALSE
	EndGlobalSection
	GlobalSection(ExtensibilityGlobals) = postSolution
		SolutionGuid = {F80F751F-6648-43D4-A207-EE07CDE36681}
	EndGlobalSection
EndGlobal
